Microsoft Visual Studio Solution File, Format Version 10.00
# Visual Studio 2008

Project("{DCC986BB-88A2-33D0-FD52-27057F987766}") = "AndrTut", "Assembly-CSharp-firstpass.csproj", "{3E6D823E-4733-A470-ABF3-AE439728949A}"
EndProject
Project("{DCC986BB-88A2-33D0-FD52-27057F987766}") = "AndrTut", "Assembly-UnityScript-firstpass.unityproj", "{0FBE8099-F792-1387-BA33-CB4BD7B72942}"
EndProject
Project("{DCC986BB-88A2-33D0-FD52-27057F987766}") = "AndrTut", "Assembly-UnityScript.unityproj", "{90DA6D1F-78B8-83F8-3863-A31D3BBCB1B4}"
EndProject
Global
	GlobalSection(SolutionConfigurationPlatforms) = preSolution
		Debug|Any CPU = Debug|Any CPU
		Release|Any CPU = Release|Any CPU
	EndGlobalSection
	GlobalSection(ProjectConfigurationPlatforms) = postSolution
		{3E6D823E-4733-A470-ABF3-AE439728949A}.Debug|Any CPU.ActiveCfg = Debug|Any CPU
		{3E6D823E-4733-A470-ABF3-AE439728949A}.Debug|Any CPU.Build.0 = Debug|Any CPU
		{3E6D823E-4733-A470-ABF3-AE439728949A}.Release|Any CPU.ActiveCfg = Release|Any CPU
		{3E6D823E-4733-A470-ABF3-AE439728949A}.Release|Any CPU.Build.0 = Release|Any CPU
		{0FBE8099-F792-1387-BA33-CB4BD7B72942}.Debug|Any CPU.ActiveCfg = Debug|Any CPU
		{0FBE8099-F792-1387-BA33-CB4BD7B72942}.Debug|Any CPU.Build.0 = Debug|Any CPU
		{0FBE8099-F792-1387-BA33-CB4BD7B72942}.Release|Any CPU.ActiveCfg = Release|Any CPU
		{0FBE8099-F792-1387-BA33-CB4BD7B72942}.Release|Any CPU.Build.0 = Release|Any CPU
		{90DA6D1F-78B8-83F8-3863-A31D3BBCB1B4}.Debug|Any CPU.ActiveCfg = Debug|Any CPU
		{90DA6D1F-78B8-83F8-3863-A31D3BBCB1B4}.Debug|Any CPU.Build.0 = Debug|Any CPU
		{90DA6D1F-78B8-83F8-3863-A31D3BBCB1B4}.Release|Any CPU.ActiveCfg = Release|Any CPU
		{90DA6D1F-78B8-83F8-3863-A31D3BBCB1B4}.Release|Any CPU.Build.0 = Release|Any CPU
	EndGlobalSection
	GlobalSection(SolutionProperties) = preSolution
		HideSolutionNode = FALSE
	EndGlobalSection
	
EndGlobal
